
Microsoft Visual Studio Solution File, Format Version 12.00
# Visual Studio Version 17
VisualStudioVersion = 17.0.31423.177
MinimumVisualStudioVersion = 10.0.40219.1
Project("{9A19103F-16F7-4668-BE54-9A1E7A4F7556}") = "PE011", "PE011\PE011.csproj", "{48E459FA-6FAB-46AB-A9F3-40AD83F873B9}"
EndProject
Project("{9A19103F-16F7-4668-BE54-9A1E7A4F7556}") = "AbstractFactory", "AbstractFactory\AbstractFactory.csproj", "{48173D88-9FDD-4F95-991B-B56E475198CA}"
EndProject
Project("{9A19103F-16F7-4668-BE54-9A1E7A4F7556}") = "AutomobileAbstractFactoryDemo", "AutomobileAbstractFactoryDemo\AutomobileAbstractFactoryDemo.csproj", "{37163DB9-071A-4E2E-B47F-9CE2C2000F72}"
EndProject
Project("{9A19103F-16F7-4668-BE54-9A1E7A4F7556}") = "BuilderDemo", "BuilderDemo\BuilderDemo.csproj", "{4FA982C6-326C-4CF4-BDE9-7C6F31F858F3}"
EndProject
Project("{9A19103F-16F7-4668-BE54-9A1E7A4F7556}") = "FactoryMethodDemo", "FactoryMethodDemo\FactoryMethodDemo.csproj", "{46786B6F-D566-4FED-AEA7-D49563681048}"
EndProject
Project("{9A19103F-16F7-4668-BE54-9A1E7A4F7556}") = "PrototypeDemo", "PrototypeDemo\PrototypeDemo.csproj", "{78916A5A-20FE-427A-856B-4B09301CD0D3}"
EndProject
Project("{9A19103F-16F7-4668-BE54-9A1E7A4F7556}") = "PrototypeDotNetDemo", "PrototypeDotNetDemo\PrototypeDotNetDemo.csproj", "{073720E8-8038-4D80-9194-5564F6287E41}"
EndProject
Project("{9A19103F-16F7-4668-BE54-9A1E7A4F7556}") = "SingeltonDemo", "SingeltonDemo\SingeltonDemo.csproj", "{945FFFF9-7452-483F-B081-A8CF128067A1}"
EndProject
Project("{9A19103F-16F7-4668-BE54-9A1E7A4F7556}") = "WebApplication1", "WebApplication1\WebApplication1.csproj", "{3EE111F3-0CE1-4371-AC92-93FAFFA434BE}"
EndProject
Project("{9A19103F-16F7-4668-BE54-9A1E7A4F7556}") = "AdapterDemo", "AdapterDemo\AdapterDemo.csproj", "{09FED6C3-8CB5-41D3-8700-E4BD171C64C1}"
EndProject
Project("{9A19103F-16F7-4668-BE54-9A1E7A4F7556}") = "BridgeDemo", "BridgeDemo\BridgeDemo.csproj", "{8BBACE7A-E418-44F9-AB9A-0EC659BCB121}"
EndProject
Project("{9A19103F-16F7-4668-BE54-9A1E7A4F7556}") = "BridgeImplementor", "BridgeImplementor\BridgeImplementor.csproj", "{6CC55896-44A4-4B39-BE94-747CC4A6FC5E}"
EndProject
Project("{2150E333-8FDC-42A3-9474-1A3956D46DE8}") = "DesignPatterns", "DesignPatterns", "{85938312-F00F-4A32-AD09-D327C1422FB8}"
EndProject
Project("{2150E333-8FDC-42A3-9474-1A3956D46DE8}") = "Structural", "Structural", "{B5DBB080-57B6-4FF7-96BD-6511968DFB5F}"
EndProject
Project("{FAE04EC0-301F-11D3-BF4B-00C04F79EFBC}") = "CompositeDemo", "CompositeDemo\CompositeDemo.csproj", "{0A7BE84B-2E5C-4769-9706-EF7F81D73BEF}"
EndProject
Project("{FAE04EC0-301F-11D3-BF4B-00C04F79EFBC}") = "DecoratorDemo", "DecoratorDemo\DecoratorDemo.csproj", "{EE51BCDC-8E7A-409C-B18A-E40DCFBE6255}"
EndProject
Project("{FAE04EC0-301F-11D3-BF4B-00C04F79EFBC}") = "FacadeDemo", "FacadeDemo\FacadeDemo.csproj", "{50B38301-695B-4C9D-8E40-B5CDE0016BCB}"
EndProject
Project("{FAE04EC0-301F-11D3-BF4B-00C04F79EFBC}") = "ProxyDemo", "ProxyDemo\ProxyDemo.csproj", "{89C61754-321A-4540-AC1C-ADF8170FF774}"
EndProject
Project("{FAE04EC0-301F-11D3-BF4B-00C04F79EFBC}") = "Flyweight", "Flyweight\Flyweight.csproj", "{5D16B2F8-FD46-4B7C-A381-9086B421369E}"
EndProject
Project("{2150E333-8FDC-42A3-9474-1A3956D46DE8}") = "Activity", "Activity", "{17E6294E-0E63-44B9-A955-0166845BE1EE}"
EndProject
Project("{FAE04EC0-301F-11D3-BF4B-00C04F79EFBC}") = "ChainOfResponsibility", "ChainOfResponsibility\ChainOfResponsibility.csproj", "{0D0BF6E1-E7DF-4AFD-965C-10961733082C}"
EndProject
Project("{FAE04EC0-301F-11D3-BF4B-00C04F79EFBC}") = "CommandDemo", "CommandDemo\CommandDemo.csproj", "{0F413CAE-58DE-4ACE-AB7D-BB0FFE0A80CF}"
EndProject
Project("{FAE04EC0-301F-11D3-BF4B-00C04F79EFBC}") = "InterpreterDemo", "InterpreterDemo\InterpreterDemo.csproj", "{AAE0D4CE-814E-4A5B-84E0-5B408BB53E3C}"
EndProject
Project("{FAE04EC0-301F-11D3-BF4B-00C04F79EFBC}") = "RealInterpreterDemo", "RealInterpreterDemo\RealInterpreterDemo.csproj", "{AF9D48B5-97CB-417C-8647-302D0A25ED8B}"
EndProject
Project("{FAE04EC0-301F-11D3-BF4B-00C04F79EFBC}") = "IteratorDemo", "IteratorDemo\IteratorDemo.csproj", "{AF7EA325-B271-46FF-9211-551C3E3C9061}"
EndProject
Project("{FAE04EC0-301F-11D3-BF4B-00C04F79EFBC}") = "MediatorDemo", "MediatorDemo\MediatorDemo.csproj", "{22AB0CCB-1A91-4E08-8274-B3056C2D4A89}"
EndProject
Project("{FAE04EC0-301F-11D3-BF4B-00C04F79EFBC}") = "MementoDemo", "MementoDemo\MementoDemo.csproj", "{12D1958C-3555-4CF0-AE5A-2AA55D2255DB}"
EndProject
Project("{FAE04EC0-301F-11D3-BF4B-00C04F79EFBC}") = "ObseverDemo", "ObseverDemo\ObseverDemo.csproj", "{2DE600ED-BAC2-4113-BF1F-CA3C5AA06418}"
EndProject
Project("{FAE04EC0-301F-11D3-BF4B-00C04F79EFBC}") = "StateDemo", "StateDemo\StateDemo.csproj", "{168D0F8E-0307-43DA-BE92-1F25D6541867}"
EndProject
Global
	GlobalSection(SolutionConfigurationPlatforms) = preSolution
		Debug|Any CPU = Debug|Any CPU
		Release|Any CPU = Release|Any CPU
	EndGlobalSection
	GlobalSection(ProjectConfigurationPlatforms) = postSolution
		{48E459FA-6FAB-46AB-A9F3-40AD83F873B9}.Debug|Any CPU.ActiveCfg = Debug|Any CPU
		{48E459FA-6FAB-46AB-A9F3-40AD83F873B9}.Debug|Any CPU.Build.0 = Debug|Any CPU
		{48E459FA-6FAB-46AB-A9F3-40AD83F873B9}.Release|Any CPU.ActiveCfg = Release|Any CPU
		{48E459FA-6FAB-46AB-A9F3-40AD83F873B9}.Release|Any CPU.Build.0 = Release|Any CPU
		{48173D88-9FDD-4F95-991B-B56E475198CA}.Debug|Any CPU.ActiveCfg = Debug|Any CPU
		{48173D88-9FDD-4F95-991B-B56E475198CA}.Debug|Any CPU.Build.0 = Debug|Any CPU
		{48173D88-9FDD-4F95-991B-B56E475198CA}.Release|Any CPU.ActiveCfg = Release|Any CPU
		{48173D88-9FDD-4F95-991B-B56E475198CA}.Release|Any CPU.Build.0 = Release|Any CPU
		{37163DB9-071A-4E2E-B47F-9CE2C2000F72}.Debug|Any CPU.ActiveCfg = Debug|Any CPU
		{37163DB9-071A-4E2E-B47F-9CE2C2000F72}.Debug|Any CPU.Build.0 = Debug|Any CPU
		{37163DB9-071A-4E2E-B47F-9CE2C2000F72}.Release|Any CPU.ActiveCfg = Release|Any CPU
		{37163DB9-071A-4E2E-B47F-9CE2C2000F72}.Release|Any CPU.Build.0 = Release|Any CPU
		{4FA982C6-326C-4CF4-BDE9-7C6F31F858F3}.Debug|Any CPU.ActiveCfg = Debug|Any CPU
		{4FA982C6-326C-4CF4-BDE9-7C6F31F858F3}.Debug|Any CPU.Build.0 = Debug|Any CPU
		{4FA982C6-326C-4CF4-BDE9-7C6F31F858F3}.Release|Any CPU.ActiveCfg = Release|Any CPU
		{4FA982C6-326C-4CF4-BDE9-7C6F31F858F3}.Release|Any CPU.Build.0 = Release|Any CPU
		{46786B6F-D566-4FED-AEA7-D49563681048}.Debug|Any CPU.ActiveCfg = Debug|Any CPU
		{46786B6F-D566-4FED-AEA7-D49563681048}.Debug|Any CPU.Build.0 = Debug|Any CPU
		{46786B6F-D566-4FED-AEA7-D49563681048}.Release|Any CPU.ActiveCfg = Release|Any CPU
		{46786B6F-D566-4FED-AEA7-D49563681048}.Release|Any CPU.Build.0 = Release|Any CPU
		{78916A5A-20FE-427A-856B-4B09301CD0D3}.Debug|Any CPU.ActiveCfg = Debug|Any CPU
		{78916A5A-20FE-427A-856B-4B09301CD0D3}.Debug|Any CPU.Build.0 = Debug|Any CPU
		{78916A5A-20FE-427A-856B-4B09301CD0D3}.Release|Any CPU.ActiveCfg = Release|Any CPU
		{78916A5A-20FE-427A-856B-4B09301CD0D3}.Release|Any CPU.Build.0 = Release|Any CPU
		{073720E8-8038-4D80-9194-5564F6287E41}.Debug|Any CPU.ActiveCfg = Debug|Any CPU
		{073720E8-8038-4D80-9194-5564F6287E41}.Debug|Any CPU.Build.0 = Debug|Any CPU
		{073720E8-8038-4D80-9194-5564F6287E41}.Release|Any CPU.ActiveCfg = Release|Any CPU
		{073720E8-8038-4D80-9194-5564F6287E41}.Release|Any CPU.Build.0 = Release|Any CPU
		{945FFFF9-7452-483F-B081-A8CF128067A1}.Debug|Any CPU.ActiveCfg = Debug|Any CPU
		{945FFFF9-7452-483F-B081-A8CF128067A1}.Debug|Any CPU.Build.0 = Debug|Any CPU
		{945FFFF9-7452-483F-B081-A8CF128067A1}.Release|Any CPU.ActiveCfg = Release|Any CPU
		{945FFFF9-7452-483F-B081-A8CF128067A1}.Release|Any CPU.Build.0 = Release|Any CPU
		{3EE111F3-0CE1-4371-AC92-93FAFFA434BE}.Debug|Any CPU.ActiveCfg = Debug|Any CPU
		{3EE111F3-0CE1-4371-AC92-93FAFFA434BE}.Debug|Any CPU.Build.0 = Debug|Any CPU
		{3EE111F3-0CE1-4371-AC92-93FAFFA434BE}.Release|Any CPU.ActiveCfg = Release|Any CPU
		{3EE111F3-0CE1-4371-AC92-93FAFFA434BE}.Release|Any CPU.Build.0 = Release|Any CPU
		{09FED6C3-8CB5-41D3-8700-E4BD171C64C1}.Debug|Any CPU.ActiveCfg = Debug|Any CPU
		{09FED6C3-8CB5-41D3-8700-E4BD171C64C1}.Debug|Any CPU.Build.0 = Debug|Any CPU
		{09FED6C3-8CB5-41D3-8700-E4BD171C64C1}.Release|Any CPU.ActiveCfg = Release|Any CPU
		{09FED6C3-8CB5-41D3-8700-E4BD171C64C1}.Release|Any CPU.Build.0 = Release|Any CPU
		{8BBACE7A-E418-44F9-AB9A-0EC659BCB121}.Debug|Any CPU.ActiveCfg = Debug|Any CPU
		{8BBACE7A-E418-44F9-AB9A-0EC659BCB121}.Debug|Any CPU.Build.0 = Debug|Any CPU
		{8BBACE7A-E418-44F9-AB9A-0EC659BCB121}.Release|Any CPU.ActiveCfg = Release|Any CPU
		{8BBACE7A-E418-44F9-AB9A-0EC659BCB121}.Release|Any CPU.Build.0 = Release|Any CPU
		{6CC55896-44A4-4B39-BE94-747CC4A6FC5E}.Debug|Any CPU.ActiveCfg = Debug|Any CPU
		{6CC55896-44A4-4B39-BE94-747CC4A6FC5E}.Debug|Any CPU.Build.0 = Debug|Any CPU
		{6CC55896-44A4-4B39-BE94-747CC4A6FC5E}.Release|Any CPU.ActiveCfg = Release|Any CPU
		{6CC55896-44A4-4B39-BE94-747CC4A6FC5E}.Release|Any CPU.Build.0 = Release|Any CPU
		{0A7BE84B-2E5C-4769-9706-EF7F81D73BEF}.Debug|Any CPU.ActiveCfg = Debug|Any CPU
		{0A7BE84B-2E5C-4769-9706-EF7F81D73BEF}.Debug|Any CPU.Build.0 = Debug|Any CPU
		{0A7BE84B-2E5C-4769-9706-EF7F81D73BEF}.Release|Any CPU.ActiveCfg = Release|Any CPU
		{0A7BE84B-2E5C-4769-9706-EF7F81D73BEF}.Release|Any CPU.Build.0 = Release|Any CPU
		{EE51BCDC-8E7A-409C-B18A-E40DCFBE6255}.Debug|Any CPU.ActiveCfg = Debug|Any CPU
		{EE51BCDC-8E7A-409C-B18A-E40DCFBE6255}.Debug|Any CPU.Build.0 = Debug|Any CPU
		{EE51BCDC-8E7A-409C-B18A-E40DCFBE6255}.Release|Any CPU.ActiveCfg = Release|Any CPU
		{EE51BCDC-8E7A-409C-B18A-E40DCFBE6255}.Release|Any CPU.Build.0 = Release|Any CPU
		{50B38301-695B-4C9D-8E40-B5CDE0016BCB}.Debug|Any CPU.ActiveCfg = Debug|Any CPU
		{50B38301-695B-4C9D-8E40-B5CDE0016BCB}.Debug|Any CPU.Build.0 = Debug|Any CPU
		{50B38301-695B-4C9D-8E40-B5CDE0016BCB}.Release|Any CPU.ActiveCfg = Release|Any CPU
		{50B38301-695B-4C9D-8E40-B5CDE0016BCB}.Release|Any CPU.Build.0 = Release|Any CPU
		{89C61754-321A-4540-AC1C-ADF8170FF774}.Debug|Any CPU.ActiveCfg = Debug|Any CPU
		{89C61754-321A-4540-AC1C-ADF8170FF774}.Debug|Any CPU.Build.0 = Debug|Any CPU
		{89C61754-321A-4540-AC1C-ADF8170FF774}.Release|Any CPU.ActiveCfg = Release|Any CPU
		{89C61754-321A-4540-AC1C-ADF8170FF774}.Release|Any CPU.Build.0 = Release|Any CPU
		{5D16B2F8-FD46-4B7C-A381-9086B421369E}.Debug|Any CPU.ActiveCfg = Debug|Any CPU
		{5D16B2F8-FD46-4B7C-A381-9086B421369E}.Debug|Any CPU.Build.0 = Debug|Any CPU
		{5D16B2F8-FD46-4B7C-A381-9086B421369E}.Release|Any CPU.ActiveCfg = Release|Any CPU
		{5D16B2F8-FD46-4B7C-A381-9086B421369E}.Release|Any CPU.Build.0 = Release|Any CPU
		{0D0BF6E1-E7DF-4AFD-965C-10961733082C}.Debug|Any CPU.ActiveCfg = Debug|Any CPU
		{0D0BF6E1-E7DF-4AFD-965C-10961733082C}.Debug|Any CPU.Build.0 = Debug|Any CPU
		{0D0BF6E1-E7DF-4AFD-965C-10961733082C}.Release|Any CPU.ActiveCfg = Release|Any CPU
		{0D0BF6E1-E7DF-4AFD-965C-10961733082C}.Release|Any CPU.Build.0 = Release|Any CPU
		{0F413CAE-58DE-4ACE-AB7D-BB0FFE0A80CF}.Debug|Any CPU.ActiveCfg = Debug|Any CPU
		{0F413CAE-58DE-4ACE-AB7D-BB0FFE0A80CF}.Debug|Any CPU.Build.0 = Debug|Any CPU
		{0F413CAE-58DE-4ACE-AB7D-BB0FFE0A80CF}.Release|Any CPU.ActiveCfg = Release|Any CPU
		{0F413CAE-58DE-4ACE-AB7D-BB0FFE0A80CF}.Release|Any CPU.Build.0 = Release|Any CPU
		{AAE0D4CE-814E-4A5B-84E0-5B408BB53E3C}.Debug|Any CPU.ActiveCfg = Debug|Any CPU
		{AAE0D4CE-814E-4A5B-84E0-5B408BB53E3C}.Debug|Any CPU.Build.0 = Debug|Any CPU
		{AAE0D4CE-814E-4A5B-84E0-5B408BB53E3C}.Release|Any CPU.ActiveCfg = Release|Any CPU
		{AAE0D4CE-814E-4A5B-84E0-5B408BB53E3C}.Release|Any CPU.Build.0 = Release|Any CPU
		{AF9D48B5-97CB-417C-8647-302D0A25ED8B}.Debug|Any CPU.ActiveCfg = Debug|Any CPU
		{AF9D48B5-97CB-417C-8647-302D0A25ED8B}.Debug|Any CPU.Build.0 = Debug|Any CPU
		{AF9D48B5-97CB-417C-8647-302D0A25ED8B}.Release|Any CPU.ActiveCfg = Release|Any CPU
		{AF9D48B5-97CB-417C-8647-302D0A25ED8B}.Release|Any CPU.Build.0 = Release|Any CPU
		{AF7EA325-B271-46FF-9211-551C3E3C9061}.Debug|Any CPU.ActiveCfg = Debug|Any CPU
		{AF7EA325-B271-46FF-9211-551C3E3C9061}.Debug|Any CPU.Build.0 = Debug|Any CPU
		{AF7EA325-B271-46FF-9211-551C3E3C9061}.Release|Any CPU.ActiveCfg = Release|Any CPU
		{AF7EA325-B271-46FF-9211-551C3E3C9061}.Release|Any CPU.Build.0 = Release|Any CPU
		{22AB0CCB-1A91-4E08-8274-B3056C2D4A89}.Debug|Any CPU.ActiveCfg = Debug|Any CPU
		{22AB0CCB-1A91-4E08-8274-B3056C2D4A89}.Debug|Any CPU.Build.0 = Debug|Any CPU
		{22AB0CCB-1A91-4E08-8274-B3056C2D4A89}.Release|Any CPU.ActiveCfg = Release|Any CPU
		{22AB0CCB-1A91-4E08-8274-B3056C2D4A89}.Release|Any CPU.Build.0 = Release|Any CPU
		{12D1958C-3555-4CF0-AE5A-2AA55D2255DB}.Debug|Any CPU.ActiveCfg = Debug|Any CPU
		{12D1958C-3555-4CF0-AE5A-2AA55D2255DB}.Debug|Any CPU.Build.0 = Debug|Any CPU
		{12D1958C-3555-4CF0-AE5A-2AA55D2255DB}.Release|Any CPU.ActiveCfg = Release|Any CPU
		{12D1958C-3555-4CF0-AE5A-2AA55D2255DB}.Release|Any CPU.Build.0 = Release|Any CPU
		{2DE600ED-BAC2-4113-BF1F-CA3C5AA06418}.Debug|Any CPU.ActiveCfg = Debug|Any CPU
		{2DE600ED-BAC2-4113-BF1F-CA3C5AA06418}.Debug|Any CPU.Build.0 = Debug|Any CPU
		{2DE600ED-BAC2-4113-BF1F-CA3C5AA06418}.Release|Any CPU.ActiveCfg = Release|Any CPU
		{2DE600ED-BAC2-4113-BF1F-CA3C5AA06418}.Release|Any CPU.Build.0 = Release|Any CPU
		{168D0F8E-0307-43DA-BE92-1F25D6541867}.Debug|Any CPU.ActiveCfg = Debug|Any CPU
		{168D0F8E-0307-43DA-BE92-1F25D6541867}.Debug|Any CPU.Build.0 = Debug|Any CPU
		{168D0F8E-0307-43DA-BE92-1F25D6541867}.Release|Any CPU.ActiveCfg = Release|Any CPU
		{168D0F8E-0307-43DA-BE92-1F25D6541867}.Release|Any CPU.Build.0 = Release|Any CPU
	EndGlobalSection
	GlobalSection(SolutionProperties) = preSolution
		HideSolutionNode = FALSE
	EndGlobalSection
	GlobalSection(NestedProjects) = preSolution
		{09FED6C3-8CB5-41D3-8700-E4BD171C64C1} = {B5DBB080-57B6-4FF7-96BD-6511968DFB5F}
		{8BBACE7A-E418-44F9-AB9A-0EC659BCB121} = {B5DBB080-57B6-4FF7-96BD-6511968DFB5F}
		{B5DBB080-57B6-4FF7-96BD-6511968DFB5F} = {85938312-F00F-4A32-AD09-D327C1422FB8}
		{0A7BE84B-2E5C-4769-9706-EF7F81D73BEF} = {B5DBB080-57B6-4FF7-96BD-6511968DFB5F}
		{EE51BCDC-8E7A-409C-B18A-E40DCFBE6255} = {B5DBB080-57B6-4FF7-96BD-6511968DFB5F}
		{50B38301-695B-4C9D-8E40-B5CDE0016BCB} = {B5DBB080-57B6-4FF7-96BD-6511968DFB5F}
		{89C61754-321A-4540-AC1C-ADF8170FF774} = {B5DBB080-57B6-4FF7-96BD-6511968DFB5F}
		{5D16B2F8-FD46-4B7C-A381-9086B421369E} = {B5DBB080-57B6-4FF7-96BD-6511968DFB5F}
		{17E6294E-0E63-44B9-A955-0166845BE1EE} = {85938312-F00F-4A32-AD09-D327C1422FB8}
		{0D0BF6E1-E7DF-4AFD-965C-10961733082C} = {17E6294E-0E63-44B9-A955-0166845BE1EE}
		{0F413CAE-58DE-4ACE-AB7D-BB0FFE0A80CF} = {17E6294E-0E63-44B9-A955-0166845BE1EE}
		{AAE0D4CE-814E-4A5B-84E0-5B408BB53E3C} = {17E6294E-0E63-44B9-A955-0166845BE1EE}
		{AF9D48B5-97CB-417C-8647-302D0A25ED8B} = {17E6294E-0E63-44B9-A955-0166845BE1EE}
		{AF7EA325-B271-46FF-9211-551C3E3C9061} = {17E6294E-0E63-44B9-A955-0166845BE1EE}
		{22AB0CCB-1A91-4E08-8274-B3056C2D4A89} = {17E6294E-0E63-44B9-A955-0166845BE1EE}
		{12D1958C-3555-4CF0-AE5A-2AA55D2255DB} = {17E6294E-0E63-44B9-A955-0166845BE1EE}
		{2DE600ED-BAC2-4113-BF1F-CA3C5AA06418} = {17E6294E-0E63-44B9-A955-0166845BE1EE}
		{168D0F8E-0307-43DA-BE92-1F25D6541867} = {17E6294E-0E63-44B9-A955-0166845BE1EE}
	EndGlobalSection
	GlobalSection(ExtensibilityGlobals) = postSolution
		SolutionGuid = {7C431DD9-21E6-43F1-A219-623840C6B7EC}
	EndGlobalSection
EndGlobal
